
Microsoft Visual Studio Solution File, Format Version 12.00
# Visual Studio Version 16
VisualStudioVersion = 16.0.33328.57
MinimumVisualStudioVersion = 10.0.40219.1
Project("{FAE04EC0-301F-11D3-BF4B-00C04F79EFBC}") = "lab14", "lab14\lab14.csproj", "{6410049D-BE5E-4E40-A723-5250BCE622BF}"
EndProject
Global
	GlobalSection(SolutionConfigurationPlatforms) = preSolution
		Debug|Any CPU = Debug|Any CPU
		Release|Any CPU = Release|Any CPU
	EndGlobalSection
	GlobalSection(ProjectConfigurationPlatforms) = postSolution
		{6410049D-BE5E-4E40-A723-5250BCE622BF}.Debug|Any CPU.ActiveCfg = Debug|Any CPU
		{6410049D-BE5E-4E40-A723-5250BCE622BF}.Debug|Any CPU.Build.0 = Debug|Any CPU
		{6410049D-BE5E-4E40-A723-5250BCE622BF}.Release|Any CPU.ActiveCfg = Release|Any CPU
		{6410049D-BE5E-4E40-A723-5250BCE622BF}.Release|Any CPU.Build.0 = Release|Any CPU
	EndGlobalSection
	GlobalSection(SolutionProperties) = preSolution
		HideSolutionNode = FALSE
	EndGlobalSection
	GlobalSection(ExtensibilityGlobals) = postSolution
		SolutionGuid = {E43D12F1-D4A7-4C41-ABA7-85C00CBC7901}
	EndGlobalSection
EndGlobal
