
Microsoft Visual Studio Solution File, Format Version 12.00
# Visual Studio Version 16
VisualStudioVersion = 16.0.32413.511
MinimumVisualStudioVersion = 10.0.40219.1
Project("{FAE04EC0-301F-11D3-BF4B-00C04F79EFBC}") = "lab4", "lab4\lab4.csproj", "{38D099F4-F6FA-40C4-9CE3-907027B4BC37}"
EndProject
Global
	GlobalSection(SolutionConfigurationPlatforms) = preSolution
		Debug|Any CPU = Debug|Any CPU
		Release|Any CPU = Release|Any CPU
	EndGlobalSection
	GlobalSection(ProjectConfigurationPlatforms) = postSolution
		{38D099F4-F6FA-40C4-9CE3-907027B4BC37}.Debug|Any CPU.ActiveCfg = Debug|Any CPU
		{38D099F4-F6FA-40C4-9CE3-907027B4BC37}.Debug|Any CPU.Build.0 = Debug|Any CPU
		{38D099F4-F6FA-40C4-9CE3-907027B4BC37}.Release|Any CPU.ActiveCfg = Release|Any CPU
		{38D099F4-F6FA-40C4-9CE3-907027B4BC37}.Release|Any CPU.Build.0 = Release|Any CPU
	EndGlobalSection
	GlobalSection(SolutionProperties) = preSolution
		HideSolutionNode = FALSE
	EndGlobalSection
	GlobalSection(ExtensibilityGlobals) = postSolution
		SolutionGuid = {5C88E6C0-DA97-4D7E-A004-294B4B77815B}
	EndGlobalSection
EndGlobal
